
Microsoft Visual Studio Solution File, Format Version 12.00
# Visual Studio Version 16
VisualStudioVersion = 16.0.31005.135
MinimumVisualStudioVersion = 10.0.40219.1
Project("{FAE04EC0-301F-11D3-BF4B-00C04F79EFBC}") = "Atelier", "Atelier\Atelier.csproj", "{B2E17E21-0AC6-42D4-A9FB-9E4FAC52D134}"
EndProject
Global
	GlobalSection(SolutionConfigurationPlatforms) = preSolution
		Debug|Any CPU = Debug|Any CPU
		Release|Any CPU = Release|Any CPU
	EndGlobalSection
	GlobalSection(ProjectConfigurationPlatforms) = postSolution
		{B2E17E21-0AC6-42D4-A9FB-9E4FAC52D134}.Debug|Any CPU.ActiveCfg = Debug|Any CPU
		{B2E17E21-0AC6-42D4-A9FB-9E4FAC52D134}.Debug|Any CPU.Build.0 = Debug|Any CPU
		{B2E17E21-0AC6-42D4-A9FB-9E4FAC52D134}.Release|Any CPU.ActiveCfg = Release|Any CPU
		{B2E17E21-0AC6-42D4-A9FB-9E4FAC52D134}.Release|Any CPU.Build.0 = Release|Any CPU
	EndGlobalSection
	GlobalSection(SolutionProperties) = preSolution
		HideSolutionNode = FALSE
	EndGlobalSection
	GlobalSection(ExtensibilityGlobals) = postSolution
		SolutionGuid = {A2141F8D-7A23-4D72-9714-B2300E755661}
	EndGlobalSection
EndGlobal
